
Microsoft Visual Studio Solution File, Format Version 12.00
# Visual Studio Version 17
VisualStudioVersion = 17.3.32929.385
MinimumVisualStudioVersion = 10.0.40219.1
Project("{FAE04EC0-301F-11D3-BF4B-00C04F79EFBC}") = "mvvm", "mvvm\mvvm.csproj", "{4FCB14EC-ECE5-45CF-BE29-A2C75C726EB1}"
EndProject
Global
	GlobalSection(SolutionConfigurationPlatforms) = preSolution
		Debug|Any CPU = Debug|Any CPU
		Release|Any CPU = Release|Any CPU
	EndGlobalSection
	GlobalSection(ProjectConfigurationPlatforms) = postSolution
		{4FCB14EC-ECE5-45CF-BE29-A2C75C726EB1}.Debug|Any CPU.ActiveCfg = Debug|Any CPU
		{4FCB14EC-ECE5-45CF-BE29-A2C75C726EB1}.Debug|Any CPU.Build.0 = Debug|Any CPU
		{4FCB14EC-ECE5-45CF-BE29-A2C75C726EB1}.Release|Any CPU.ActiveCfg = Release|Any CPU
		{4FCB14EC-ECE5-45CF-BE29-A2C75C726EB1}.Release|Any CPU.Build.0 = Release|Any CPU
	EndGlobalSection
	GlobalSection(SolutionProperties) = preSolution
		HideSolutionNode = FALSE
	EndGlobalSection
	GlobalSection(ExtensibilityGlobals) = postSolution
		SolutionGuid = {C4B8B43D-0DD6-417B-A1B2-FCC3C94B3A4F}
	EndGlobalSection
EndGlobal
